
Microsoft Visual Studio Solution File, Format Version 12.00
# Visual Studio Version 17
VisualStudioVersion = 17.11.35208.52
MinimumVisualStudioVersion = 10.0.40219.1
Project("{9A19103F-16F7-4668-BE54-9A1E7A4F7556}") = "Application", "Application\Application.csproj", "{62191B8B-3F90-4C87-B558-74D86A95B75B}"
EndProject
Project("{9A19103F-16F7-4668-BE54-9A1E7A4F7556}") = "Service", "Service\Service.csproj", "{8BB64716-230A-48A9-AD53-43A943CAC200}"
	ProjectSection(ProjectDependencies) = postProject
		{DBC8A069-528D-4C4A-9FE2-CA0C1516677D} = {DBC8A069-528D-4C4A-9FE2-CA0C1516677D}
	EndProjectSection
EndProject
Project("{9A19103F-16F7-4668-BE54-9A1E7A4F7556}") = "Repository", "Repository\Repository.csproj", "{DBC8A069-528D-4C4A-9FE2-CA0C1516677D}"
EndProject
Project("{FAE04EC0-301F-11D3-BF4B-00C04F79EFBC}") = "Tests", "Tests\Tests.csproj", "{14024990-0C5F-4610-A540-C47FC46A37CF}"
EndProject
Global
	GlobalSection(SolutionConfigurationPlatforms) = preSolution
		Debug|Any CPU = Debug|Any CPU
		Release|Any CPU = Release|Any CPU
	EndGlobalSection
	GlobalSection(ProjectConfigurationPlatforms) = postSolution
		{62191B8B-3F90-4C87-B558-74D86A95B75B}.Debug|Any CPU.ActiveCfg = Debug|Any CPU
		{62191B8B-3F90-4C87-B558-74D86A95B75B}.Debug|Any CPU.Build.0 = Debug|Any CPU
		{62191B8B-3F90-4C87-B558-74D86A95B75B}.Release|Any CPU.ActiveCfg = Release|Any CPU
		{62191B8B-3F90-4C87-B558-74D86A95B75B}.Release|Any CPU.Build.0 = Release|Any CPU
		{8BB64716-230A-48A9-AD53-43A943CAC200}.Debug|Any CPU.ActiveCfg = Debug|Any CPU
		{8BB64716-230A-48A9-AD53-43A943CAC200}.Debug|Any CPU.Build.0 = Debug|Any CPU
		{8BB64716-230A-48A9-AD53-43A943CAC200}.Release|Any CPU.ActiveCfg = Release|Any CPU
		{8BB64716-230A-48A9-AD53-43A943CAC200}.Release|Any CPU.Build.0 = Release|Any CPU
		{DBC8A069-528D-4C4A-9FE2-CA0C1516677D}.Debug|Any CPU.ActiveCfg = Debug|Any CPU
		{DBC8A069-528D-4C4A-9FE2-CA0C1516677D}.Debug|Any CPU.Build.0 = Debug|Any CPU
		{DBC8A069-528D-4C4A-9FE2-CA0C1516677D}.Release|Any CPU.ActiveCfg = Release|Any CPU
		{DBC8A069-528D-4C4A-9FE2-CA0C1516677D}.Release|Any CPU.Build.0 = Release|Any CPU
		{14024990-0C5F-4610-A540-C47FC46A37CF}.Debug|Any CPU.ActiveCfg = Debug|Any CPU
		{14024990-0C5F-4610-A540-C47FC46A37CF}.Debug|Any CPU.Build.0 = Debug|Any CPU
		{14024990-0C5F-4610-A540-C47FC46A37CF}.Release|Any CPU.ActiveCfg = Release|Any CPU
		{14024990-0C5F-4610-A540-C47FC46A37CF}.Release|Any CPU.Build.0 = Release|Any CPU
	EndGlobalSection
	GlobalSection(SolutionProperties) = preSolution
		HideSolutionNode = FALSE
	EndGlobalSection
	GlobalSection(ExtensibilityGlobals) = postSolution
		SolutionGuid = {A4DAFD19-D0F7-4AB4-B49A-8A86292A3640}
	EndGlobalSection
EndGlobal
